
Microsoft Visual Studio Solution File, Format Version 12.00
# Visual Studio Version 16
VisualStudioVersion = 16.0.29728.190
MinimumVisualStudioVersion = 10.0.40219.1
Project("{FAE04EC0-301F-11D3-BF4B-00C04F79EFBC}") = "Ping Checker", "Ping Checker\Ping Checker.csproj", "{88542EAC-F506-40D5-9EFB-31FF144DEF32}"
EndProject
Global
	GlobalSection(SolutionConfigurationPlatforms) = preSolution
		Debug|Any CPU = Debug|Any CPU
		Release|Any CPU = Release|Any CPU
	EndGlobalSection
	GlobalSection(ProjectConfigurationPlatforms) = postSolution
		{88542EAC-F506-40D5-9EFB-31FF144DEF32}.Debug|Any CPU.ActiveCfg = Debug|Any CPU
		{88542EAC-F506-40D5-9EFB-31FF144DEF32}.Debug|Any CPU.Build.0 = Debug|Any CPU
		{88542EAC-F506-40D5-9EFB-31FF144DEF32}.Release|Any CPU.ActiveCfg = Release|Any CPU
		{88542EAC-F506-40D5-9EFB-31FF144DEF32}.Release|Any CPU.Build.0 = Release|Any CPU
	EndGlobalSection
	GlobalSection(SolutionProperties) = preSolution
		HideSolutionNode = FALSE
	EndGlobalSection
	GlobalSection(ExtensibilityGlobals) = postSolution
		SolutionGuid = {92711E14-4155-4EA2-98EE-ED84FEE1CD42}
	EndGlobalSection
EndGlobal
